
Microsoft Visual Studio Solution File, Format Version 12.00
# Visual Studio Version 16
VisualStudioVersion = 16.0.29613.14
MinimumVisualStudioVersion = 10.0.40219.1
Project("{FAE04EC0-301F-11D3-BF4B-00C04F79EFBC}") = "EasyClean.Android", "EasyClean\EasyClean.Android\EasyClean.Android.csproj", "{C3300366-8A9A-42B1-B047-84EA422E3B7E}"
EndProject
Project("{FAE04EC0-301F-11D3-BF4B-00C04F79EFBC}") = "EasyClean.iOS", "EasyClean\EasyClean.iOS\EasyClean.iOS.csproj", "{D1A6F392-C542-4839-9097-027D1CAEB4B4}"
EndProject
Project("{FAE04EC0-301F-11D3-BF4B-00C04F79EFBC}") = "EasyClean", "EasyClean\EasyClean\EasyClean.csproj", "{DAC609CD-29CB-4C1F-A84A-9FE532B1EE26}"
EndProject
Global
	GlobalSection(SolutionConfigurationPlatforms) = preSolution
		Debug|Any CPU = Debug|Any CPU
		Debug|iPhone = Debug|iPhone
		Debug|iPhoneSimulator = Debug|iPhoneSimulator
		Release|Any CPU = Release|Any CPU
		Release|iPhone = Release|iPhone
		Release|iPhoneSimulator = Release|iPhoneSimulator
	EndGlobalSection
	GlobalSection(ProjectConfigurationPlatforms) = postSolution
		{C3300366-8A9A-42B1-B047-84EA422E3B7E}.Debug|Any CPU.ActiveCfg = Debug|Any CPU
		{C3300366-8A9A-42B1-B047-84EA422E3B7E}.Debug|Any CPU.Build.0 = Debug|Any CPU
		{C3300366-8A9A-42B1-B047-84EA422E3B7E}.Debug|Any CPU.Deploy.0 = Debug|Any CPU
		{C3300366-8A9A-42B1-B047-84EA422E3B7E}.Debug|iPhone.ActiveCfg = Debug|Any CPU
		{C3300366-8A9A-42B1-B047-84EA422E3B7E}.Debug|iPhone.Build.0 = Debug|Any CPU
		{C3300366-8A9A-42B1-B047-84EA422E3B7E}.Debug|iPhone.Deploy.0 = Debug|Any CPU
		{C3300366-8A9A-42B1-B047-84EA422E3B7E}.Debug|iPhoneSimulator.ActiveCfg = Debug|Any CPU
		{C3300366-8A9A-42B1-B047-84EA422E3B7E}.Debug|iPhoneSimulator.Build.0 = Debug|Any CPU
		{C3300366-8A9A-42B1-B047-84EA422E3B7E}.Debug|iPhoneSimulator.Deploy.0 = Debug|Any CPU
		{C3300366-8A9A-42B1-B047-84EA422E3B7E}.Release|Any CPU.ActiveCfg = Release|Any CPU
		{C3300366-8A9A-42B1-B047-84EA422E3B7E}.Release|Any CPU.Build.0 = Release|Any CPU
		{C3300366-8A9A-42B1-B047-84EA422E3B7E}.Release|Any CPU.Deploy.0 = Release|Any CPU
		{C3300366-8A9A-42B1-B047-84EA422E3B7E}.Release|iPhone.ActiveCfg = Release|Any CPU
		{C3300366-8A9A-42B1-B047-84EA422E3B7E}.Release|iPhone.Build.0 = Release|Any CPU
		{C3300366-8A9A-42B1-B047-84EA422E3B7E}.Release|iPhone.Deploy.0 = Release|Any CPU
		{C3300366-8A9A-42B1-B047-84EA422E3B7E}.Release|iPhoneSimulator.ActiveCfg = Release|Any CPU
		{C3300366-8A9A-42B1-B047-84EA422E3B7E}.Release|iPhoneSimulator.Build.0 = Release|Any CPU
		{C3300366-8A9A-42B1-B047-84EA422E3B7E}.Release|iPhoneSimulator.Deploy.0 = Release|Any CPU
		{D1A6F392-C542-4839-9097-027D1CAEB4B4}.Debug|Any CPU.ActiveCfg = Debug|iPhoneSimulator
		{D1A6F392-C542-4839-9097-027D1CAEB4B4}.Debug|Any CPU.Build.0 = Debug|iPhoneSimulator
		{D1A6F392-C542-4839-9097-027D1CAEB4B4}.Debug|Any CPU.Deploy.0 = Debug|iPhoneSimulator
		{D1A6F392-C542-4839-9097-027D1CAEB4B4}.Debug|iPhone.ActiveCfg = Debug|iPhone
		{D1A6F392-C542-4839-9097-027D1CAEB4B4}.Debug|iPhone.Build.0 = Debug|iPhone
		{D1A6F392-C542-4839-9097-027D1CAEB4B4}.Debug|iPhone.Deploy.0 = Debug|iPhone
		{D1A6F392-C542-4839-9097-027D1CAEB4B4}.Debug|iPhoneSimulator.ActiveCfg = Debug|iPhoneSimulator
		{D1A6F392-C542-4839-9097-027D1CAEB4B4}.Debug|iPhoneSimulator.Build.0 = Debug|iPhoneSimulator
		{D1A6F392-C542-4839-9097-027D1CAEB4B4}.Debug|iPhoneSimulator.Deploy.0 = Debug|iPhoneSimulator
		{D1A6F392-C542-4839-9097-027D1CAEB4B4}.Release|Any CPU.ActiveCfg = Release|iPhone
		{D1A6F392-C542-4839-9097-027D1CAEB4B4}.Release|Any CPU.Build.0 = Release|iPhone
		{D1A6F392-C542-4839-9097-027D1CAEB4B4}.Release|Any CPU.Deploy.0 = Release|iPhone
		{D1A6F392-C542-4839-9097-027D1CAEB4B4}.Release|iPhone.ActiveCfg = Release|iPhone
		{D1A6F392-C542-4839-9097-027D1CAEB4B4}.Release|iPhone.Build.0 = Release|iPhone
		{D1A6F392-C542-4839-9097-027D1CAEB4B4}.Release|iPhone.Deploy.0 = Release|iPhone
		{D1A6F392-C542-4839-9097-027D1CAEB4B4}.Release|iPhoneSimulator.ActiveCfg = Release|iPhoneSimulator
		{D1A6F392-C542-4839-9097-027D1CAEB4B4}.Release|iPhoneSimulator.Build.0 = Release|iPhoneSimulator
		{D1A6F392-C542-4839-9097-027D1CAEB4B4}.Release|iPhoneSimulator.Deploy.0 = Release|iPhoneSimulator
		{DAC609CD-29CB-4C1F-A84A-9FE532B1EE26}.Debug|Any CPU.ActiveCfg = Debug|Any CPU
		{DAC609CD-29CB-4C1F-A84A-9FE532B1EE26}.Debug|Any CPU.Build.0 = Debug|Any CPU
		{DAC609CD-29CB-4C1F-A84A-9FE532B1EE26}.Debug|Any CPU.Deploy.0 = Debug|Any CPU
		{DAC609CD-29CB-4C1F-A84A-9FE532B1EE26}.Debug|iPhone.ActiveCfg = Debug|Any CPU
		{DAC609CD-29CB-4C1F-A84A-9FE532B1EE26}.Debug|iPhone.Build.0 = Debug|Any CPU
		{DAC609CD-29CB-4C1F-A84A-9FE532B1EE26}.Debug|iPhone.Deploy.0 = Debug|Any CPU
		{DAC609CD-29CB-4C1F-A84A-9FE532B1EE26}.Debug|iPhoneSimulator.ActiveCfg = Debug|Any CPU
		{DAC609CD-29CB-4C1F-A84A-9FE532B1EE26}.Debug|iPhoneSimulator.Build.0 = Debug|Any CPU
		{DAC609CD-29CB-4C1F-A84A-9FE532B1EE26}.Debug|iPhoneSimulator.Deploy.0 = Debug|Any CPU
		{DAC609CD-29CB-4C1F-A84A-9FE532B1EE26}.Release|Any CPU.ActiveCfg = Release|Any CPU
		{DAC609CD-29CB-4C1F-A84A-9FE532B1EE26}.Release|Any CPU.Build.0 = Release|Any CPU
		{DAC609CD-29CB-4C1F-A84A-9FE532B1EE26}.Release|Any CPU.Deploy.0 = Release|Any CPU
		{DAC609CD-29CB-4C1F-A84A-9FE532B1EE26}.Release|iPhone.ActiveCfg = Release|Any CPU
		{DAC609CD-29CB-4C1F-A84A-9FE532B1EE26}.Release|iPhone.Build.0 = Release|Any CPU
		{DAC609CD-29CB-4C1F-A84A-9FE532B1EE26}.Release|iPhone.Deploy.0 = Release|Any CPU
		{DAC609CD-29CB-4C1F-A84A-9FE532B1EE26}.Release|iPhoneSimulator.ActiveCfg = Release|Any CPU
		{DAC609CD-29CB-4C1F-A84A-9FE532B1EE26}.Release|iPhoneSimulator.Build.0 = Release|Any CPU
		{DAC609CD-29CB-4C1F-A84A-9FE532B1EE26}.Release|iPhoneSimulator.Deploy.0 = Release|Any CPU
	EndGlobalSection
	GlobalSection(SolutionProperties) = preSolution
		HideSolutionNode = FALSE
	EndGlobalSection
	GlobalSection(ExtensibilityGlobals) = postSolution
		SolutionGuid = {7BAAE447-A421-47F9-8A72-3DDF6C3485E9}
	EndGlobalSection
EndGlobal
